
Microsoft Visual Studio Solution File, Format Version 12.00
# Visual Studio Version 17
VisualStudioVersion = 17.2.32616.157
MinimumVisualStudioVersion = 10.0.40219.1
Project("{FAE04EC0-301F-11D3-BF4B-00C04F79EFBC}") = "MurachMVCBookstore", "MurachMVCBookstore\MurachMVCBookstore.csproj", "{FE8E1EE9-4D9E-433D-A4C7-4F3C41577254}"
EndProject
Global
	GlobalSection(SolutionConfigurationPlatforms) = preSolution
		Debug|Any CPU = Debug|Any CPU
		Release|Any CPU = Release|Any CPU
	EndGlobalSection
	GlobalSection(ProjectConfigurationPlatforms) = postSolution
		{FE8E1EE9-4D9E-433D-A4C7-4F3C41577254}.Debug|Any CPU.ActiveCfg = Debug|Any CPU
		{FE8E1EE9-4D9E-433D-A4C7-4F3C41577254}.Debug|Any CPU.Build.0 = Debug|Any CPU
		{FE8E1EE9-4D9E-433D-A4C7-4F3C41577254}.Release|Any CPU.ActiveCfg = Release|Any CPU
		{FE8E1EE9-4D9E-433D-A4C7-4F3C41577254}.Release|Any CPU.Build.0 = Release|Any CPU
	EndGlobalSection
	GlobalSection(SolutionProperties) = preSolution
		HideSolutionNode = FALSE
	EndGlobalSection
	GlobalSection(ExtensibilityGlobals) = postSolution
		SolutionGuid = {DB83620E-97DB-4C3D-B095-39BA8B763504}
	EndGlobalSection
EndGlobal
